// !$*UTF8*$!
{
	archiveVersion = 1;
	classes = {
	};
	objectVersion = 46;
	objects = {

/* Begin PBXBuildFile section */
		231940751C5F540400D3CECA /* confuse.sh in Resources */ = {isa = PBXBuildFile; fileRef = 231940741C5F540400D3CECA /* confuse.sh */; };
		231940771C5F546C00D3CECA /* func.list in Resources */ = {isa = PBXBuildFile; fileRef = 231940761C5F546C00D3CECA /* func.list */; };
		231940791C5F56E000D3CECA /* codeConfuse.png in Resources */ = {isa = PBXBuildFile; fileRef = 231940781C5F56E000D3CECA /* codeConfuse.png */; };
		2319407D1C5F5C2100D3CECA /* Entery.xcdatamodeld in Sources */ = {isa = PBXBuildFile; fileRef = 2319407B1C5F5C2100D3CECA /* Entery.xcdatamodeld */; };
		231940931C5F601900D3CECA /* Entity+CoreDataProperties.m in Sources */ = {isa = PBXBuildFile; fileRef = 231940901C5F601900D3CECA /* Entity+CoreDataProperties.m */; };
		231940941C5F601900D3CECA /* Entity.m in Sources */ = {isa = PBXBuildFile; fileRef = 231940921C5F601900D3CECA /* Entity.m */; };
		2319409F1C5F68CB00D3CECA /* GCDGroup.m in Sources */ = {isa = PBXBuildFile; fileRef = 231940981C5F68CB00D3CECA /* GCDGroup.m */; };
		231940A01C5F68CB00D3CECA /* GCDQueue.m in Sources */ = {isa = PBXBuildFile; fileRef = 2319409A1C5F68CB00D3CECA /* GCDQueue.m */; };
		231940A11C5F68CB00D3CECA /* GCDSemaphore.m in Sources */ = {isa = PBXBuildFile; fileRef = 2319409C1C5F68CB00D3CECA /* GCDSemaphore.m */; };
		231940A21C5F68CB00D3CECA /* GCDTimer.m in Sources */ = {isa = PBXBuildFile; fileRef = 2319409E1C5F68CB00D3CECA /* GCDTimer.m */; };
		23344BE21C5F0DBA00724A4C /* main.m in Sources */ = {isa = PBXBuildFile; fileRef = 23344BE11C5F0DBA00724A4C /* main.m */; };
		23344BE51C5F0DBA00724A4C /* AppDelegate.m in Sources */ = {isa = PBXBuildFile; fileRef = 23344BE41C5F0DBA00724A4C /* AppDelegate.m */; };
		23344BE81C5F0DBA00724A4C /* ViewController.m in Sources */ = {isa = PBXBuildFile; fileRef = 23344BE71C5F0DBA00724A4C /* ViewController.m */; };
		23344BEB1C5F0DBA00724A4C /* Main.storyboard in Resources */ = {isa = PBXBuildFile; fileRef = 23344BE91C5F0DBA00724A4C /* Main.storyboard */; };
		23344BED1C5F0DBA00724A4C /* Assets.xcassets in Resources */ = {isa = PBXBuildFile; fileRef = 23344BEC1C5F0DBA00724A4C /* Assets.xcassets */; };
		23344BF01C5F0DBA00724A4C /* LaunchScreen.storyboard in Resources */ = {isa = PBXBuildFile; fileRef = 23344BEE1C5F0DBA00724A4C /* LaunchScreen.storyboard */; };
		23344BFB1C5F0DBA00724A4C /* CollectionViewSearchBarAndRefreshControlTests.m in Sources */ = {isa = PBXBuildFile; fileRef = 23344BFA1C5F0DBA00724A4C /* CollectionViewSearchBarAndRefreshControlTests.m */; };
		23344C061C5F0DBA00724A4C /* CollectionViewSearchBarAndRefreshControlUITests.m in Sources */ = {isa = PBXBuildFile; fileRef = 23344C051C5F0DBA00724A4C /* CollectionViewSearchBarAndRefreshControlUITests.m */; };
		23344C181C5F0ED100724A4C /* CollectionViewCell.m in Sources */ = {isa = PBXBuildFile; fileRef = 23344C171C5F0ED100724A4C /* CollectionViewCell.m */; };
		23344C1C1C5F2A6000724A4C /* cellImage.png in Resources */ = {isa = PBXBuildFile; fileRef = 23344C1B1C5F2A6000724A4C /* cellImage.png */; };
		23344C1F1C5F383F00724A4C /* 24.gif in Resources */ = {isa = PBXBuildFile; fileRef = 23344C1E1C5F383F00724A4C /* 24.gif */; };
		23344C231C5F3E6800724A4C /* HorizaontalScrollListCell.m in Sources */ = {isa = PBXBuildFile; fileRef = 23344C211C5F3E6800724A4C /* HorizaontalScrollListCell.m */; };
		23344C241C5F3E6800724A4C /* HorizaontalScrollListCell.xib in Resources */ = {isa = PBXBuildFile; fileRef = 23344C221C5F3E6800724A4C /* HorizaontalScrollListCell.xib */; };
		23344C271C5F3EF100724A4C /* HorizaontalScrollView.m in Sources */ = {isa = PBXBuildFile; fileRef = 23344C261C5F3EF100724A4C /* HorizaontalScrollView.m */; };
		23344C2B1C5F3F6700724A4C /* HorizaontalViewCell.m in Sources */ = {isa = PBXBuildFile; fileRef = 23344C291C5F3F6700724A4C /* HorizaontalViewCell.m */; };
		23344C2C1C5F3F6700724A4C /* HorizaontalViewCell.xib in Resources */ = {isa = PBXBuildFile; fileRef = 23344C2A1C5F3F6700724A4C /* HorizaontalViewCell.xib */; };
		23344C361C5F49F700724A4C /* 25.gif in Resources */ = {isa = PBXBuildFile; fileRef = 23344C351C5F49F700724A4C /* 25.gif */; };
		23D9CDDB1C5F9EFB00A53FB8 /* CardCollectionController.m in Sources */ = {isa = PBXBuildFile; fileRef = 23D9CDDA1C5F9EFB00A53FB8 /* CardCollectionController.m */; };
		23D9CDE81C5FA3FF00A53FB8 /* CardCollectionViewLineLayout.m in Sources */ = {isa = PBXBuildFile; fileRef = 23D9CDE51C5FA3FF00A53FB8 /* CardCollectionViewLineLayout.m */; };
		23D9CDE91C5FA3FF00A53FB8 /* CardCollectionViewCell.m in Sources */ = {isa = PBXBuildFile; fileRef = 23D9CDE71C5FA3FF00A53FB8 /* CardCollectionViewCell.m */; };
		23D9CDFF1C5FADB700A53FB8 /* 1.jpg in Resources */ = {isa = PBXBuildFile; fileRef = 23D9CDFC1C5FADB700A53FB8 /* 1.jpg */; };
		23D9CE001C5FADB700A53FB8 /* 2.jpg in Resources */ = {isa = PBXBuildFile; fileRef = 23D9CDFD1C5FADB700A53FB8 /* 2.jpg */; };
		23D9CE011C5FADB700A53FB8 /* 3.jpg in Resources */ = {isa = PBXBuildFile; fileRef = 23D9CDFE1C5FADB700A53FB8 /* 3.jpg */; };
		29032775BE5D863BDAC5BB0F /* libPods.a in Frameworks */ = {isa = PBXBuildFile; fileRef = AA9444F48926A09625C6CD3B /* libPods.a */; };
/* End PBXBuildFile section */

/* Begin PBXContainerItemProxy section */
		23344BF71C5F0DBA00724A4C /* PBXContainerItemProxy */ = {
			isa = PBXContainerItemProxy;
			containerPortal = 23344BD51C5F0DBA00724A4C /* Project object */;
			proxyType = 1;
			remoteGlobalIDString = 23344BDC1C5F0DBA00724A4C;
			remoteInfo = CollectionViewSearchBarAndRefreshControl;
		};
		23344C021C5F0DBA00724A4C /* PBXContainerItemProxy */ = {
			isa = PBXContainerItemProxy;
			containerPortal = 23344BD51C5F0DBA00724A4C /* Project object */;
			proxyType = 1;
			remoteGlobalIDString = 23344BDC1C5F0DBA00724A4C;
			remoteInfo = CollectionViewSearchBarAndRefreshControl;
		};
/* End PBXContainerItemProxy section */

/* Begin PBXFileReference section */
		231940721C5F51F200D3CECA /* codeObfuscation.h */ = {isa = PBXFileReference; lastKnownFileType = sourcecode.c.h; path = codeObfuscation.h; sourceTree = "<group>"; };
		231940741C5F540400D3CECA /* confuse.sh */ = {isa = PBXFileReference; fileEncoding = 4; lastKnownFileType = text.script.sh; name = confuse.sh; path = ../confuse.sh; sourceTree = "<group>"; };
		231940761C5F546C00D3CECA /* func.list */ = {isa = PBXFileReference; fileEncoding = 4; lastKnownFileType = text; name = func.list; path = ../func.list; sourceTree = "<group>"; };
		231940781C5F56E000D3CECA /* codeConfuse.png */ = {isa = PBXFileReference; lastKnownFileType = image.png; path = codeConfuse.png; sourceTree = "<group>"; };
		2319407C1C5F5C2100D3CECA /* Entery.xcdatamodel */ = {isa = PBXFileReference; lastKnownFileType = wrapper.xcdatamodel; path = Entery.xcdatamodel; sourceTree = "<group>"; };
		2319408F1C5F601900D3CECA /* Entity+CoreDataProperties.h */ = {isa = PBXFileReference; fileEncoding = 4; lastKnownFileType = sourcecode.c.h; path = "Entity+CoreDataProperties.h"; sourceTree = "<group>"; };
		231940901C5F601900D3CECA /* Entity+CoreDataProperties.m */ = {isa = PBXFileReference; fileEncoding = 4; lastKnownFileType = sourcecode.c.objc; path = "Entity+CoreDataProperties.m"; sourceTree = "<group>"; };
		231940911C5F601900D3CECA /* Entity.h */ = {isa = PBXFileReference; fileEncoding = 4; lastKnownFileType = sourcecode.c.h; path = Entity.h; sourceTree = "<group>"; };
		231940921C5F601900D3CECA /* Entity.m */ = {isa = PBXFileReference; fileEncoding = 4; lastKnownFileType = sourcecode.c.objc; path = Entity.m; sourceTree = "<group>"; };
		231940961C5F68CB00D3CECA /* GCD.h */ = {isa = PBXFileReference; fileEncoding = 4; lastKnownFileType = sourcecode.c.h; path = GCD.h; sourceTree = "<group>"; };
		231940971C5F68CB00D3CECA /* GCDGroup.h */ = {isa = PBXFileReference; fileEncoding = 4; lastKnownFileType = sourcecode.c.h; path = GCDGroup.h; sourceTree = "<group>"; };
		231940981C5F68CB00D3CECA /* GCDGroup.m */ = {isa = PBXFileReference; fileEncoding = 4; lastKnownFileType = sourcecode.c.objc; path = GCDGroup.m; sourceTree = "<group>"; };
		231940991C5F68CB00D3CECA /* GCDQueue.h */ = {isa = PBXFileReference; fileEncoding = 4; lastKnownFileType = sourcecode.c.h; path = GCDQueue.h; sourceTree = "<group>"; };
		2319409A1C5F68CB00D3CECA /* GCDQueue.m */ = {isa = PBXFileReference; fileEncoding = 4; lastKnownFileType = sourcecode.c.objc; path = GCDQueue.m; sourceTree = "<group>"; };
		2319409B1C5F68CB00D3CECA /* GCDSemaphore.h */ = {isa = PBXFileReference; fileEncoding = 4; lastKnownFileType = sourcecode.c.h; path = GCDSemaphore.h; sourceTree = "<group>"; };
		2319409C1C5F68CB00D3CECA /* GCDSemaphore.m */ = {isa = PBXFileReference; fileEncoding = 4; lastKnownFileType = sourcecode.c.objc; path = GCDSemaphore.m; sourceTree = "<group>"; };
		2319409D1C5F68CB00D3CECA /* GCDTimer.h */ = {isa = PBXFileReference; fileEncoding = 4; lastKnownFileType = sourcecode.c.h; path = GCDTimer.h; sourceTree = "<group>"; };
		2319409E1C5F68CB00D3CECA /* GCDTimer.m */ = {isa = PBXFileReference; fileEncoding = 4; lastKnownFileType = sourcecode.c.objc; path = GCDTimer.m; sourceTree = "<group>"; };
		23344BDD1C5F0DBA00724A4C /* CollectionViewSearchBarAndRefreshControl.app */ = {isa = PBXFileReference; explicitFileType = wrapper.application; includeInIndex = 0; path = CollectionViewSearchBarAndRefreshControl.app; sourceTree = BUILT_PRODUCTS_DIR; };
		23344BE11C5F0DBA00724A4C /* main.m */ = {isa = PBXFileReference; lastKnownFileType = sourcecode.c.objc; path = main.m; sourceTree = "<group>"; };
		23344BE31C5F0DBA00724A4C /* AppDelegate.h */ = {isa = PBXFileReference; lastKnownFileType = sourcecode.c.h; path = AppDelegate.h; sourceTree = "<group>"; };
		23344BE41C5F0DBA00724A4C /* AppDelegate.m */ = {isa = PBXFileReference; lastKnownFileType = sourcecode.c.objc; path = AppDelegate.m; sourceTree = "<group>"; };
		23344BE61C5F0DBA00724A4C /* ViewController.h */ = {isa = PBXFileReference; lastKnownFileType = sourcecode.c.h; name = ViewController.h; path = ../ViewController.h; sourceTree = "<group>"; };
		23344BE71C5F0DBA00724A4C /* ViewController.m */ = {isa = PBXFileReference; lastKnownFileType = sourcecode.c.objc; name = ViewController.m; path = ../ViewController.m; sourceTree = "<group>"; };
		23344BEA1C5F0DBA00724A4C /* Base */ = {isa = PBXFileReference; lastKnownFileType = file.storyboard; name = Base; path = Base.lproj/Main.storyboard; sourceTree = "<group>"; };
		23344BEC1C5F0DBA00724A4C /* Assets.xcassets */ = {isa = PBXFileReference; lastKnownFileType = folder.assetcatalog; path = Assets.xcassets; sourceTree = "<group>"; };
		23344BEF1C5F0DBA00724A4C /* Base */ = {isa = PBXFileReference; lastKnownFileType = file.storyboard; name = Base; path = Base.lproj/LaunchScreen.storyboard; sourceTree = "<group>"; };
		23344BF11C5F0DBA00724A4C /* Info.plist */ = {isa = PBXFileReference; lastKnownFileType = text.plist.xml; path = Info.plist; sourceTree = "<group>"; };
		23344BF61C5F0DBA00724A4C /* CollectionViewSearchBarAndRefreshControlTests.xctest */ = {isa = PBXFileReference; explicitFileType = wrapper.cfbundle; includeInIndex = 0; path = CollectionViewSearchBarAndRefreshControlTests.xctest; sourceTree = BUILT_PRODUCTS_DIR; };
		23344BFA1C5F0DBA00724A4C /* CollectionViewSearchBarAndRefreshControlTests.m */ = {isa = PBXFileReference; lastKnownFileType = sourcecode.c.objc; path = CollectionViewSearchBarAndRefreshControlTests.m; sourceTree = "<group>"; };
		23344BFC1C5F0DBA00724A4C /* Info.plist */ = {isa = PBXFileReference; lastKnownFileType = text.plist.xml; path = Info.plist; sourceTree = "<group>"; };
		23344C011C5F0DBA00724A4C /* CollectionViewSearchBarAndRefreshControlUITests.xctest */ = {isa = PBXFileReference; explicitFileType = wrapper.cfbundle; includeInIndex = 0; path = CollectionViewSearchBarAndRefreshControlUITests.xctest; sourceTree = BUILT_PRODUCTS_DIR; };
		23344C051C5F0DBA00724A4C /* CollectionViewSearchBarAndRefreshControlUITests.m */ = {isa = PBXFileReference; lastKnownFileType = sourcecode.c.objc; path = CollectionViewSearchBarAndRefreshControlUITests.m; sourceTree = "<group>"; };
		23344C071C5F0DBA00724A4C /* Info.plist */ = {isa = PBXFileReference; lastKnownFileType = text.plist.xml; path = Info.plist; sourceTree = "<group>"; };
		23344C161C5F0ED100724A4C /* CollectionViewCell.h */ = {isa = PBXFileReference; fileEncoding = 4; lastKnownFileType = sourcecode.c.h; path = CollectionViewCell.h; sourceTree = "<group>"; };
		23344C171C5F0ED100724A4C /* CollectionViewCell.m */ = {isa = PBXFileReference; fileEncoding = 4; lastKnownFileType = sourcecode.c.objc; path = CollectionViewCell.m; sourceTree = "<group>"; };
		23344C1B1C5F2A6000724A4C /* cellImage.png */ = {isa = PBXFileReference; lastKnownFileType = image.png; path = cellImage.png; sourceTree = "<group>"; };
		23344C1E1C5F383F00724A4C /* 24.gif */ = {isa = PBXFileReference; lastKnownFileType = image.gif; path = 24.gif; sourceTree = "<group>"; };
		23344C201C5F3E6800724A4C /* HorizaontalScrollListCell.h */ = {isa = PBXFileReference; fileEncoding = 4; lastKnownFileType = sourcecode.c.h; path = HorizaontalScrollListCell.h; sourceTree = "<group>"; };
		23344C211C5F3E6800724A4C /* HorizaontalScrollListCell.m */ = {isa = PBXFileReference; fileEncoding = 4; lastKnownFileType = sourcecode.c.objc; path = HorizaontalScrollListCell.m; sourceTree = "<group>"; };
		23344C221C5F3E6800724A4C /* HorizaontalScrollListCell.xib */ = {isa = PBXFileReference; fileEncoding = 4; lastKnownFileType = file.xib; path = HorizaontalScrollListCell.xib; sourceTree = "<group>"; };
		23344C251C5F3EF100724A4C /* HorizaontalScrollView.h */ = {isa = PBXFileReference; fileEncoding = 4; lastKnownFileType = sourcecode.c.h; path = HorizaontalScrollView.h; sourceTree = "<group>"; };
		23344C261C5F3EF100724A4C /* HorizaontalScrollView.m */ = {isa = PBXFileReference; fileEncoding = 4; lastKnownFileType = sourcecode.c.objc; path = HorizaontalScrollView.m; sourceTree = "<group>"; };
		23344C281C5F3F6700724A4C /* HorizaontalViewCell.h */ = {isa = PBXFileReference; fileEncoding = 4; lastKnownFileType = sourcecode.c.h; path = HorizaontalViewCell.h; sourceTree = "<group>"; };
		23344C291C5F3F6700724A4C /* HorizaontalViewCell.m */ = {isa = PBXFileReference; fileEncoding = 4; lastKnownFileType = sourcecode.c.objc; path = HorizaontalViewCell.m; sourceTree = "<group>"; };
		23344C2A1C5F3F6700724A4C /* HorizaontalViewCell.xib */ = {isa = PBXFileReference; fileEncoding = 4; lastKnownFileType = file.xib; path = HorizaontalViewCell.xib; sourceTree = "<group>"; };
		23344C351C5F49F700724A4C /* 25.gif */ = {isa = PBXFileReference; lastKnownFileType = image.gif; path = 25.gif; sourceTree = "<group>"; };
		23D9CDD91C5F9EFB00A53FB8 /* CardCollectionController.h */ = {isa = PBXFileReference; fileEncoding = 4; lastKnownFileType = sourcecode.c.h; path = CardCollectionController.h; sourceTree = "<group>"; };
		23D9CDDA1C5F9EFB00A53FB8 /* CardCollectionController.m */ = {isa = PBXFileReference; fileEncoding = 4; lastKnownFileType = sourcecode.c.objc; path = CardCollectionController.m; sourceTree = "<group>"; };
		23D9CDE41C5FA3FF00A53FB8 /* CardCollectionViewLineLayout.h */ = {isa = PBXFileReference; fileEncoding = 4; lastKnownFileType = sourcecode.c.h; path = CardCollectionViewLineLayout.h; sourceTree = "<group>"; };
		23D9CDE51C5FA3FF00A53FB8 /* CardCollectionViewLineLayout.m */ = {isa = PBXFileReference; fileEncoding = 4; lastKnownFileType = sourcecode.c.objc; path = CardCollectionViewLineLayout.m; sourceTree = "<group>"; };
		23D9CDE61C5FA3FF00A53FB8 /* CardCollectionViewCell.h */ = {isa = PBXFileReference; fileEncoding = 4; lastKnownFileType = sourcecode.c.h; path = CardCollectionViewCell.h; sourceTree = "<group>"; };
		23D9CDE71C5FA3FF00A53FB8 /* CardCollectionViewCell.m */ = {isa = PBXFileReference; fileEncoding = 4; lastKnownFileType = sourcecode.c.objc; path = CardCollectionViewCell.m; sourceTree = "<group>"; };
		23D9CDFC1C5FADB700A53FB8 /* 1.jpg */ = {isa = PBXFileReference; lastKnownFileType = image.jpeg; path = 1.jpg; sourceTree = "<group>"; };
		23D9CDFD1C5FADB700A53FB8 /* 2.jpg */ = {isa = PBXFileReference; lastKnownFileType = image.jpeg; path = 2.jpg; sourceTree = "<group>"; };
		23D9CDFE1C5FADB700A53FB8 /* 3.jpg */ = {isa = PBXFileReference; lastKnownFileType = image.jpeg; path = 3.jpg; sourceTree = "<group>"; };
		61B52BC7860FD062F7EBF88A /* Pods.debug.xcconfig */ = {isa = PBXFileReference; includeInIndex = 1; lastKnownFileType = text.xcconfig; name = Pods.debug.xcconfig; path = "Pods/Target Support Files/Pods/Pods.debug.xcconfig"; sourceTree = "<group>"; };
		61BD6CFB7951484362FE64D3 /* Pods.release.xcconfig */ = {isa = PBXFileReference; includeInIndex = 1; lastKnownFileType = text.xcconfig; name = Pods.release.xcconfig; path = "Pods/Target Support Files/Pods/Pods.release.xcconfig"; sourceTree = "<group>"; };
		AA9444F48926A09625C6CD3B /* libPods.a */ = {isa = PBXFileReference; explicitFileType = archive.ar; includeInIndex = 0; path = libPods.a; sourceTree = BUILT_PRODUCTS_DIR; };
/* End PBXFileReference section */

/* Begin PBXFrameworksBuildPhase section */
		23344BDA1C5F0DBA00724A4C /* Frameworks */ = {
			isa = PBXFrameworksBuildPhase;
			buildActionMask = 2147483647;
			files = (
				29032775BE5D863BDAC5BB0F /* libPods.a in Frameworks */,
			);
			runOnlyForDeploymentPostprocessing = 0;
		};
		23344BF31C5F0DBA00724A4C /* Frameworks */ = {
			isa = PBXFrameworksBuildPhase;
			buildActionMask = 2147483647;
			files = (
			);
			runOnlyForDeploymentPostprocessing = 0;
		};
		23344BFE1C5F0DBA00724A4C /* Frameworks */ = {
			isa = PBXFrameworksBuildPhase;
			buildActionMask = 2147483647;
			files = (
			);
			runOnlyForDeploymentPostprocessing = 0;
		};
/* End PBXFrameworksBuildPhase section */

/* Begin PBXGroup section */
		231940951C5F68BE00D3CECA /* Library */ = {
			isa = PBXGroup;
			children = (
				231940961C5F68CB00D3CECA /* GCD.h */,
				231940971C5F68CB00D3CECA /* GCDGroup.h */,
				231940981C5F68CB00D3CECA /* GCDGroup.m */,
				231940991C5F68CB00D3CECA /* GCDQueue.h */,
				2319409A1C5F68CB00D3CECA /* GCDQueue.m */,
				2319409B1C5F68CB00D3CECA /* GCDSemaphore.h */,
				2319409C1C5F68CB00D3CECA /* GCDSemaphore.m */,
				2319409D1C5F68CB00D3CECA /* GCDTimer.h */,
				2319409E1C5F68CB00D3CECA /* GCDTimer.m */,
			);
			path = Library;
			sourceTree = "<group>";
		};
		23344BD41C5F0DBA00724A4C = {
			isa = PBXGroup;
			children = (
				23344BDF1C5F0DBA00724A4C /* CollectionViewSearchBarAndRefreshControl */,
				23344BF91C5F0DBA00724A4C /* CollectionViewSearchBarAndRefreshControlTests */,
				23344C041C5F0DBA00724A4C /* CollectionViewSearchBarAndRefreshControlUITests */,
				23344BDE1C5F0DBA00724A4C /* Products */,
				AEB2E5B9E3873CC0D2962BCE /* Pods */,
				7B9B59906AE2F2C5DDEA3D3E /* Frameworks */,
			);
			sourceTree = "<group>";
		};
		23344BDE1C5F0DBA00724A4C /* Products */ = {
			isa = PBXGroup;
			children = (
				23344BDD1C5F0DBA00724A4C /* CollectionViewSearchBarAndRefreshControl.app */,
				23344BF61C5F0DBA00724A4C /* CollectionViewSearchBarAndRefreshControlTests.xctest */,
				23344C011C5F0DBA00724A4C /* CollectionViewSearchBarAndRefreshControlUITests.xctest */,
			);
			name = Products;
			sourceTree = "<group>";
		};
		23344BDF1C5F0DBA00724A4C /* CollectionViewSearchBarAndRefreshControl */ = {
			isa = PBXGroup;
			children = (
				231940951C5F68BE00D3CECA /* Library */,
				231940741C5F540400D3CECA /* confuse.sh */,
				231940761C5F546C00D3CECA /* func.list */,
				231940721C5F51F200D3CECA /* codeObfuscation.h */,
				23344C1D1C5F372800724A4C /* ScreenShot */,
				23344C131C5F0E7E00724A4C /* Controllers */,
				23344C141C5F0E7E00724A4C /* Models */,
				23344C151C5F0E7E00724A4C /* Views */,
				23344BE31C5F0DBA00724A4C /* AppDelegate.h */,
				23344BE41C5F0DBA00724A4C /* AppDelegate.m */,
				23344BE91C5F0DBA00724A4C /* Main.storyboard */,
				23344C1B1C5F2A6000724A4C /* cellImage.png */,
				23D9CDFC1C5FADB700A53FB8 /* 1.jpg */,
				23D9CDFD1C5FADB700A53FB8 /* 2.jpg */,
				23D9CDFE1C5FADB700A53FB8 /* 3.jpg */,
				23344BEC1C5F0DBA00724A4C /* Assets.xcassets */,
				23344BEE1C5F0DBA00724A4C /* LaunchScreen.storyboard */,
				23344BF11C5F0DBA00724A4C /* Info.plist */,
				23344BE01C5F0DBA00724A4C /* Supporting Files */,
			);
			path = CollectionViewSearchBarAndRefreshControl;
			sourceTree = "<group>";
		};
		23344BE01C5F0DBA00724A4C /* Supporting Files */ = {
			isa = PBXGroup;
			children = (
				23344BE11C5F0DBA00724A4C /* main.m */,
			);
			name = "Supporting Files";
			sourceTree = "<group>";
		};
		23344BF91C5F0DBA00724A4C /* CollectionViewSearchBarAndRefreshControlTests */ = {
			isa = PBXGroup;
			children = (
				23344BFA1C5F0DBA00724A4C /* CollectionViewSearchBarAndRefreshControlTests.m */,
				23344BFC1C5F0DBA00724A4C /* Info.plist */,
			);
			path = CollectionViewSearchBarAndRefreshControlTests;
			sourceTree = "<group>";
		};
		23344C041C5F0DBA00724A4C /* CollectionViewSearchBarAndRefreshControlUITests */ = {
			isa = PBXGroup;
			children = (
				23344C051C5F0DBA00724A4C /* CollectionViewSearchBarAndRefreshControlUITests.m */,
				23344C071C5F0DBA00724A4C /* Info.plist */,
			);
			path = CollectionViewSearchBarAndRefreshControlUITests;
			sourceTree = "<group>";
		};
		23344C131C5F0E7E00724A4C /* Controllers */ = {
			isa = PBXGroup;
			children = (
				23344BE61C5F0DBA00724A4C /* ViewController.h */,
				23344BE71C5F0DBA00724A4C /* ViewController.m */,
				23D9CDD91C5F9EFB00A53FB8 /* CardCollectionController.h */,
				23D9CDDA1C5F9EFB00A53FB8 /* CardCollectionController.m */,
			);
			path = Controllers;
			sourceTree = "<group>";
		};
		23344C141C5F0E7E00724A4C /* Models */ = {
			isa = PBXGroup;
			children = (
				2319407B1C5F5C2100D3CECA /* Entery.xcdatamodeld */,
				2319408F1C5F601900D3CECA /* Entity+CoreDataProperties.h */,
				231940901C5F601900D3CECA /* Entity+CoreDataProperties.m */,
				231940911C5F601900D3CECA /* Entity.h */,
				231940921C5F601900D3CECA /* Entity.m */,
			);
			path = Models;
			sourceTree = "<group>";
		};
		23344C151C5F0E7E00724A4C /* Views */ = {
			isa = PBXGroup;
			children = (
				23D9CDE41C5FA3FF00A53FB8 /* CardCollectionViewLineLayout.h */,
				23D9CDE51C5FA3FF00A53FB8 /* CardCollectionViewLineLayout.m */,
				23D9CDE61C5FA3FF00A53FB8 /* CardCollectionViewCell.h */,
				23D9CDE71C5FA3FF00A53FB8 /* CardCollectionViewCell.m */,
				23344C161C5F0ED100724A4C /* CollectionViewCell.h */,
				23344C171C5F0ED100724A4C /* CollectionViewCell.m */,
				23344C201C5F3E6800724A4C /* HorizaontalScrollListCell.h */,
				23344C211C5F3E6800724A4C /* HorizaontalScrollListCell.m */,
				23344C221C5F3E6800724A4C /* HorizaontalScrollListCell.xib */,
				23344C251C5F3EF100724A4C /* HorizaontalScrollView.h */,
				23344C261C5F3EF100724A4C /* HorizaontalScrollView.m */,
				23344C281C5F3F6700724A4C /* HorizaontalViewCell.h */,
				23344C291C5F3F6700724A4C /* HorizaontalViewCell.m */,
				23344C2A1C5F3F6700724A4C /* HorizaontalViewCell.xib */,
			);
			path = Views;
			sourceTree = "<group>";
		};
		23344C1D1C5F372800724A4C /* ScreenShot */ = {
			isa = PBXGroup;
			children = (
				23344C1E1C5F383F00724A4C /* 24.gif */,
				23344C351C5F49F700724A4C /* 25.gif */,
				231940781C5F56E000D3CECA /* codeConfuse.png */,
			);
			path = ScreenShot;
			sourceTree = "<group>";
		};
		7B9B59906AE2F2C5DDEA3D3E /* Frameworks */ = {
			isa = PBXGroup;
			children = (
				AA9444F48926A09625C6CD3B /* libPods.a */,
			);
			name = Frameworks;
			sourceTree = "<group>";
		};
		AEB2E5B9E3873CC0D2962BCE /* Pods */ = {
			isa = PBXGroup;
			children = (
				61B52BC7860FD062F7EBF88A /* Pods.debug.xcconfig */,
				61BD6CFB7951484362FE64D3 /* Pods.release.xcconfig */,
			);
			name = Pods;
			sourceTree = "<group>";
		};
/* End PBXGroup section */

/* Begin PBXNativeTarget section */
		23344BDC1C5F0DBA00724A4C /* CollectionViewSearchBarAndRefreshControl */ = {
			isa = PBXNativeTarget;
			buildConfigurationList = 23344C0A1C5F0DBA00724A4C /* Build configuration list for PBXNativeTarget "CollectionViewSearchBarAndRefreshControl" */;
			buildPhases = (
				DF2B88DE253CB383E76DBDE7 /* Check Pods Manifest.lock */,
				23344BD91C5F0DBA00724A4C /* Sources */,
				23344BDA1C5F0DBA00724A4C /* Frameworks */,
				23344BDB1C5F0DBA00724A4C /* Resources */,
				26B4893CF6CA887747B88C81 /* Embed Pods Frameworks */,
				423E13F1E2AD00C07FD0C924 /* Copy Pods Resources */,
				231940731C5F52D500D3CECA /* ShellScript */,
			);
			buildRules = (
			);
			dependencies = (
			);
			name = CollectionViewSearchBarAndRefreshControl;
			productName = CollectionViewSearchBarAndRefreshControl;
			productReference = 23344BDD1C5F0DBA00724A4C /* CollectionViewSearchBarAndRefreshControl.app */;
			productType = "com.apple.product-type.application";
		};
		23344BF51C5F0DBA00724A4C /* CollectionViewSearchBarAndRefreshControlTests */ = {
			isa = PBXNativeTarget;
			buildConfigurationList = 23344C0D1C5F0DBA00724A4C /* Build configuration list for PBXNativeTarget "CollectionViewSearchBarAndRefreshControlTests" */;
			buildPhases = (
				23344BF21C5F0DBA00724A4C /* Sources */,
				23344BF31C5F0DBA00724A4C /* Frameworks */,
				23344BF41C5F0DBA00724A4C /* Resources */,
			);
			buildRules = (
			);
			dependencies = (
				23344BF81C5F0DBA00724A4C /* PBXTargetDependency */,
			);
			name = CollectionViewSearchBarAndRefreshControlTests;
			productName = CollectionViewSearchBarAndRefreshControlTests;
			productReference = 23344BF61C5F0DBA00724A4C /* CollectionViewSearchBarAndRefreshControlTests.xctest */;
			productType = "com.apple.product-type.bundle.unit-test";
		};
		23344C001C5F0DBA00724A4C /* CollectionViewSearchBarAndRefreshControlUITests */ = {
			isa = PBXNativeTarget;
			buildConfigurationList = 23344C101C5F0DBA00724A4C /* Build configuration list for PBXNativeTarget "CollectionViewSearchBarAndRefreshControlUITests" */;
			buildPhases = (
				23344BFD1C5F0DBA00724A4C /* Sources */,
				23344BFE1C5F0DBA00724A4C /* Frameworks */,
				23344BFF1C5F0DBA00724A4C /* Resources */,
			);
			buildRules = (
			);
			dependencies = (
				23344C031C5F0DBA00724A4C /* PBXTargetDependency */,
			);
			name = CollectionViewSearchBarAndRefreshControlUITests;
			productName = CollectionViewSearchBarAndRefreshControlUITests;
			productReference = 23344C011C5F0DBA00724A4C /* CollectionViewSearchBarAndRefreshControlUITests.xctest */;
			productType = "com.apple.product-type.bundle.ui-testing";
		};
/* End PBXNativeTarget section */

/* Begin PBXProject section */
		23344BD51C5F0DBA00724A4C /* Project object */ = {
			isa = PBXProject;
			attributes = {
				LastUpgradeCheck = 0720;
				ORGANIZATIONNAME = "上海乐住信息技术有限公司";
				TargetAttributes = {
					23344BDC1C5F0DBA00724A4C = {
						CreatedOnToolsVersion = 7.2;
					};
					23344BF51C5F0DBA00724A4C = {
						CreatedOnToolsVersion = 7.2;
						TestTargetID = 23344BDC1C5F0DBA00724A4C;
					};
					23344C001C5F0DBA00724A4C = {
						CreatedOnToolsVersion = 7.2;
						TestTargetID = 23344BDC1C5F0DBA00724A4C;
					};
				};
			};
			buildConfigurationList = 23344BD81C5F0DBA00724A4C /* Build configuration list for PBXProject "CollectionViewSearchBarAndRefreshControl" */;
			compatibilityVersion = "Xcode 3.2";
			developmentRegion = English;
			hasScannedForEncodings = 0;
			knownRegions = (
				en,
				Base,
			);
			mainGroup = 23344BD41C5F0DBA00724A4C;
			productRefGroup = 23344BDE1C5F0DBA00724A4C /* Products */;
			projectDirPath = "";
			projectRoot = "";
			targets = (
				23344BDC1C5F0DBA00724A4C /* CollectionViewSearchBarAndRefreshControl */,
				23344BF51C5F0DBA00724A4C /* CollectionViewSearchBarAndRefreshControlTests */,
				23344C001C5F0DBA00724A4C /* CollectionViewSearchBarAndRefreshControlUITests */,
			);
		};
/* End PBXProject section */

/* Begin PBXResourcesBuildPhase section */
		23344BDB1C5F0DBA00724A4C /* Resources */ = {
			isa = PBXResourcesBuildPhase;
			buildActionMask = 2147483647;
			files = (
				23344C2C1C5F3F6700724A4C /* HorizaontalViewCell.xib in Resources */,
				231940771C5F546C00D3CECA /* func.list in Resources */,
				23344C361C5F49F700724A4C /* 25.gif in Resources */,
				23344C1F1C5F383F00724A4C /* 24.gif in Resources */,
				23D9CE011C5FADB700A53FB8 /* 3.jpg in Resources */,
				23D9CE001C5FADB700A53FB8 /* 2.jpg in Resources */,
				231940751C5F540400D3CECA /* confuse.sh in Resources */,
				23344BF01C5F0DBA00724A4C /* LaunchScreen.storyboard in Resources */,
				23D9CDFF1C5FADB700A53FB8 /* 1.jpg in Resources */,
				23344C241C5F3E6800724A4C /* HorizaontalScrollListCell.xib in Resources */,
				23344C1C1C5F2A6000724A4C /* cellImage.png in Resources */,
				23344BED1C5F0DBA00724A4C /* Assets.xcassets in Resources */,
				231940791C5F56E000D3CECA /* codeConfuse.png in Resources */,
				23344BEB1C5F0DBA00724A4C /* Main.storyboard in Resources */,
			);
			runOnlyForDeploymentPostprocessing = 0;
		};
		23344BF41C5F0DBA00724A4C /* Resources */ = {
			isa = PBXResourcesBuildPhase;
			buildActionMask = 2147483647;
			files = (
			);
			runOnlyForDeploymentPostprocessing = 0;
		};
		23344BFF1C5F0DBA00724A4C /* Resources */ = {
			isa = PBXResourcesBuildPhase;
			buildActionMask = 2147483647;
			files = (
			);
			runOnlyForDeploymentPostprocessing = 0;
		};
/* End PBXResourcesBuildPhase section */

/* Begin PBXShellScriptBuildPhase section */
		231940731C5F52D500D3CECA /* ShellScript */ = {
			isa = PBXShellScriptBuildPhase;
			buildActionMask = 2147483647;
			files = (
			);
			inputPaths = (
			);
			outputPaths = (
			);
			runOnlyForDeploymentPostprocessing = 0;
			shellPath = /bin/sh;
			shellScript = "$PROJECT_DIR/confuse.sh\n";
		};
		26B4893CF6CA887747B88C81 /* Embed Pods Frameworks */ = {
			isa = PBXShellScriptBuildPhase;
			buildActionMask = 2147483647;
			files = (
			);
			inputPaths = (
			);
			name = "Embed Pods Frameworks";
			outputPaths = (
			);
			runOnlyForDeploymentPostprocessing = 0;
			shellPath = /bin/sh;
			shellScript = "\"${SRCROOT}/Pods/Target Support Files/Pods/Pods-frameworks.sh\"\n";
			showEnvVarsInLog = 0;
		};
		423E13F1E2AD00C07FD0C924 /* Copy Pods Resources */ = {
			isa = PBXShellScriptBuildPhase;
			buildActionMask = 2147483647;
			files = (
			);
			inputPaths = (
			);
			name = "Copy Pods Resources";
			outputPaths = (
			);
			runOnlyForDeploymentPostprocessing = 0;
			shellPath = /bin/sh;
			shellScript = "\"${SRCROOT}/Pods/Target Support Files/Pods/Pods-resources.sh\"\n";
			showEnvVarsInLog = 0;
		};
		DF2B88DE253CB383E76DBDE7 /* Check Pods Manifest.lock */ = {
			isa = PBXShellScriptBuildPhase;
			buildActionMask = 2147483647;
			files = (
			);
			inputPaths = (
			);
			name = "Check Pods Manifest.lock";
			outputPaths = (
			);
			runOnlyForDeploymentPostprocessing = 0;
			shellPath = /bin/sh;
			shellScript = "diff \"${PODS_ROOT}/../Podfile.lock\" \"${PODS_ROOT}/Manifest.lock\" > /dev/null\nif [[ $? != 0 ]] ; then\n    cat << EOM\nerror: The sandbox is not in sync with the Podfile.lock. Run 'pod install' or update your CocoaPods installation.\nEOM\n    exit 1\nfi\n";
			showEnvVarsInLog = 0;
		};
/* End PBXShellScriptBuildPhase section */

/* Begin PBXSourcesBuildPhase section */
		23344BD91C5F0DBA00724A4C /* Sources */ = {
			isa = PBXSourcesBuildPhase;
			buildActionMask = 2147483647;
			files = (
				231940931C5F601900D3CECA /* Entity+CoreDataProperties.m in Sources */,
				231940A11C5F68CB00D3CECA /* GCDSemaphore.m in Sources */,
				23344BE81C5F0DBA00724A4C /* ViewController.m in Sources */,
				23344C271C5F3EF100724A4C /* HorizaontalScrollView.m in Sources */,
				23D9CDE81C5FA3FF00A53FB8 /* CardCollectionViewLineLayout.m in Sources */,
				231940A21C5F68CB00D3CECA /* GCDTimer.m in Sources */,
				2319407D1C5F5C2100D3CECA /* Entery.xcdatamodeld in Sources */,
				231940A01C5F68CB00D3CECA /* GCDQueue.m in Sources */,
				23344BE51C5F0DBA00724A4C /* AppDelegate.m in Sources */,
				23344C2B1C5F3F6700724A4C /* HorizaontalViewCell.m in Sources */,
				23D9CDE91C5FA3FF00A53FB8 /* CardCollectionViewCell.m in Sources */,
				23344C181C5F0ED100724A4C /* CollectionViewCell.m in Sources */,
				2319409F1C5F68CB00D3CECA /* GCDGroup.m in Sources */,
				23D9CDDB1C5F9EFB00A53FB8 /* CardCollectionController.m in Sources */,
				23344BE21C5F0DBA00724A4C /* main.m in Sources */,
				23344C231C5F3E6800724A4C /* HorizaontalScrollListCell.m in Sources */,
				231940941C5F601900D3CECA /* Entity.m in Sources */,
			);
			runOnlyForDeploymentPostprocessing = 0;
		};
		23344BF21C5F0DBA00724A4C /* Sources */ = {
			isa = PBXSourcesBuildPhase;
			buildActionMask = 2147483647;
			files = (
				23344BFB1C5F0DBA00724A4C /* CollectionViewSearchBarAndRefreshControlTests.m in Sources */,
			);
			runOnlyForDeploymentPostprocessing = 0;
		};
		23344BFD1C5F0DBA00724A4C /* Sources */ = {
			isa = PBXSourcesBuildPhase;
			buildActionMask = 2147483647;
			files = (
				23344C061C5F0DBA00724A4C /* CollectionViewSearchBarAndRefreshControlUITests.m in Sources */,
			);
			runOnlyForDeploymentPostprocessing = 0;
		};
/* End PBXSourcesBuildPhase section */

/* Begin PBXTargetDependency section */
		23344BF81C5F0DBA00724A4C /* PBXTargetDependency */ = {
			isa = PBXTargetDependency;
			target = 23344BDC1C5F0DBA00724A4C /* CollectionViewSearchBarAndRefreshControl */;
			targetProxy = 23344BF71C5F0DBA00724A4C /* PBXContainerItemProxy */;
		};
		23344C031C5F0DBA00724A4C /* PBXTargetDependency */ = {
			isa = PBXTargetDependency;
			target = 23344BDC1C5F0DBA00724A4C /* CollectionViewSearchBarAndRefreshControl */;
			targetProxy = 23344C021C5F0DBA00724A4C /* PBXContainerItemProxy */;
		};
/* End PBXTargetDependency section */

/* Begin PBXVariantGroup section */
		23344BE91C5F0DBA00724A4C /* Main.storyboard */ = {
			isa = PBXVariantGroup;
			children = (
				23344BEA1C5F0DBA00724A4C /* Base */,
			);
			name = Main.storyboard;
			sourceTree = "<group>";
		};
		23344BEE1C5F0DBA00724A4C /* LaunchScreen.storyboard */ = {
			isa = PBXVariantGroup;
			children = (
				23344BEF1C5F0DBA00724A4C /* Base */,
			);
			name = LaunchScreen.storyboard;
			sourceTree = "<group>";
		};
/* End PBXVariantGroup section */

/* Begin XCBuildConfiguration section */
		23344C081C5F0DBA00724A4C /* Debug */ = {
			isa = XCBuildConfiguration;
			buildSettings = {
				ALWAYS_SEARCH_USER_PATHS = NO;
				CLANG_CXX_LANGUAGE_STANDARD = "gnu++0x";
				CLANG_CXX_LIBRARY = "libc++";
				CLANG_ENABLE_MODULES = YES;
				CLANG_ENABLE_OBJC_ARC = YES;
				CLANG_WARN_BOOL_CONVERSION = YES;
				CLANG_WARN_CONSTANT_CONVERSION = YES;
				CLANG_WARN_DIRECT_OBJC_ISA_USAGE = YES_ERROR;
				CLANG_WARN_EMPTY_BODY = YES;
				CLANG_WARN_ENUM_CONVERSION = YES;
				CLANG_WARN_INT_CONVERSION = YES;
				CLANG_WARN_OBJC_ROOT_CLASS = YES_ERROR;
				CLANG_WARN_UNREACHABLE_CODE = YES;
				CLANG_WARN__DUPLICATE_METHOD_MATCH = YES;
				"CODE_SIGN_IDENTITY[sdk=iphoneos*]" = "iPhone Developer";
				COPY_PHASE_STRIP = NO;
				DEBUG_INFORMATION_FORMAT = dwarf;
				ENABLE_STRICT_OBJC_MSGSEND = YES;
				ENABLE_TESTABILITY = YES;
				GCC_C_LANGUAGE_STANDARD = gnu99;
				GCC_DYNAMIC_NO_PIC = NO;
				GCC_NO_COMMON_BLOCKS = YES;
				GCC_OPTIMIZATION_LEVEL = 0;
				GCC_PREPROCESSOR_DEFINITIONS = (
					"DEBUG=1",
					"$(inherited)",
				);
				GCC_WARN_64_TO_32_BIT_CONVERSION = YES;
				GCC_WARN_ABOUT_RETURN_TYPE = YES_ERROR;
				GCC_WARN_UNDECLARED_SELECTOR = YES;
				GCC_WARN_UNINITIALIZED_AUTOS = YES_AGGRESSIVE;
				GCC_WARN_UNUSED_FUNCTION = YES;
				GCC_WARN_UNUSED_VARIABLE = YES;
				IPHONEOS_DEPLOYMENT_TARGET = 9.2;
				MTL_ENABLE_DEBUG_INFO = YES;
				ONLY_ACTIVE_ARCH = YES;
				SDKROOT = iphoneos;
				TARGETED_DEVICE_FAMILY = "1,2";
			};
			name = Debug;
		};
		23344C091C5F0DBA00724A4C /* Release */ = {
			isa = XCBuildConfiguration;
			buildSettings = {
				ALWAYS_SEARCH_USER_PATHS = NO;
				CLANG_CXX_LANGUAGE_STANDARD = "gnu++0x";
				CLANG_CXX_LIBRARY = "libc++";
				CLANG_ENABLE_MODULES = YES;
				CLANG_ENABLE_OBJC_ARC = YES;
				CLANG_WARN_BOOL_CONVERSION = YES;
				CLANG_WARN_CONSTANT_CONVERSION = YES;
				CLANG_WARN_DIRECT_OBJC_ISA_USAGE = YES_ERROR;
				CLANG_WARN_EMPTY_BODY = YES;
				CLANG_WARN_ENUM_CONVERSION = YES;
				CLANG_WARN_INT_CONVERSION = YES;
				CLANG_WARN_OBJC_ROOT_CLASS = YES_ERROR;
				CLANG_WARN_UNREACHABLE_CODE = YES;
				CLANG_WARN__DUPLICATE_METHOD_MATCH = YES;
				"CODE_SIGN_IDENTITY[sdk=iphoneos*]" = "iPhone Developer";
				COPY_PHASE_STRIP = NO;
				DEBUG_INFORMATION_FORMAT = "dwarf-with-dsym";
				ENABLE_NS_ASSERTIONS = NO;
				ENABLE_STRICT_OBJC_MSGSEND = YES;
				GCC_C_LANGUAGE_STANDARD = gnu99;
				GCC_NO_COMMON_BLOCKS = YES;
				GCC_WARN_64_TO_32_BIT_CONVERSION = YES;
				GCC_WARN_ABOUT_RETURN_TYPE = YES_ERROR;
				GCC_WARN_UNDECLARED_SELECTOR = YES;
				GCC_WARN_UNINITIALIZED_AUTOS = YES_AGGRESSIVE;
				GCC_WARN_UNUSED_FUNCTION = YES;
				GCC_WARN_UNUSED_VARIABLE = YES;
				IPHONEOS_DEPLOYMENT_TARGET = 9.2;
				MTL_ENABLE_DEBUG_INFO = NO;
				SDKROOT = iphoneos;
				TARGETED_DEVICE_FAMILY = "1,2";
				VALIDATE_PRODUCT = YES;
			};
			name = Release;
		};
		23344C0B1C5F0DBA00724A4C /* Debug */ = {
			isa = XCBuildConfiguration;
			baseConfigurationReference = 61B52BC7860FD062F7EBF88A /* Pods.debug.xcconfig */;
			buildSettings = {
				ASSETCATALOG_COMPILER_APPICON_NAME = AppIcon;
				INFOPLIST_FILE = CollectionViewSearchBarAndRefreshControl/Info.plist;
				LD_RUNPATH_SEARCH_PATHS = "$(inherited) @executable_path/Frameworks";
				PRODUCT_BUNDLE_IDENTIFIER = com.lezhu.imike.CollectionViewSearchBarAndRefreshControl;
				PRODUCT_NAME = "$(TARGET_NAME)";
			};
			name = Debug;
		};
		23344C0C1C5F0DBA00724A4C /* Release */ = {
			isa = XCBuildConfiguration;
			baseConfigurationReference = 61BD6CFB7951484362FE64D3 /* Pods.release.xcconfig */;
			buildSettings = {
				ASSETCATALOG_COMPILER_APPICON_NAME = AppIcon;
				INFOPLIST_FILE = CollectionViewSearchBarAndRefreshControl/Info.plist;
				LD_RUNPATH_SEARCH_PATHS = "$(inherited) @executable_path/Frameworks";
				PRODUCT_BUNDLE_IDENTIFIER = com.lezhu.imike.CollectionViewSearchBarAndRefreshControl;
				PRODUCT_NAME = "$(TARGET_NAME)";
			};
			name = Release;
		};
		23344C0E1C5F0DBA00724A4C /* Debug */ = {
			isa = XCBuildConfiguration;
			buildSettings = {
				BUNDLE_LOADER = "$(TEST_HOST)";
				INFOPLIST_FILE = CollectionViewSearchBarAndRefreshControlTests/Info.plist;
				LD_RUNPATH_SEARCH_PATHS = "$(inherited) @executable_path/Frameworks @loader_path/Frameworks";
				PRODUCT_BUNDLE_IDENTIFIER = com.lezhu.imike.CollectionViewSearchBarAndRefreshControlTests;
				PRODUCT_NAME = "$(TARGET_NAME)";
				TEST_HOST = "$(BUILT_PRODUCTS_DIR)/CollectionViewSearchBarAndRefreshControl.app/CollectionViewSearchBarAndRefreshControl";
			};
			name = Debug;
		};
		23344C0F1C5F0DBA00724A4C /* Release */ = {
			isa = XCBuildConfiguration;
			buildSettings = {
				BUNDLE_LOADER = "$(TEST_HOST)";
				INFOPLIST_FILE = CollectionViewSearchBarAndRefreshControlTests/Info.plist;
				LD_RUNPATH_SEARCH_PATHS = "$(inherited) @executable_path/Frameworks @loader_path/Frameworks";
				PRODUCT_BUNDLE_IDENTIFIER = com.lezhu.imike.CollectionViewSearchBarAndRefreshControlTests;
				PRODUCT_NAME = "$(TARGET_NAME)";
				TEST_HOST = "$(BUILT_PRODUCTS_DIR)/CollectionViewSearchBarAndRefreshControl.app/CollectionViewSearchBarAndRefreshControl";
			};
			name = Release;
		};
		23344C111C5F0DBA00724A4C /* Debug */ = {
			isa = XCBuildConfiguration;
			buildSettings = {
				INFOPLIST_FILE = CollectionViewSearchBarAndRefreshControlUITests/Info.plist;
				LD_RUNPATH_SEARCH_PATHS = "$(inherited) @executable_path/Frameworks @loader_path/Frameworks";
				PRODUCT_BUNDLE_IDENTIFIER = com.lezhu.imike.CollectionViewSearchBarAndRefreshControlUITests;
				PRODUCT_NAME = "$(TARGET_NAME)";
				TEST_TARGET_NAME = CollectionViewSearchBarAndRefreshControl;
				USES_XCTRUNNER = YES;
			};
			name = Debug;
		};
		23344C121C5F0DBA00724A4C /* Release */ = {
			isa = XCBuildConfiguration;
			buildSettings = {
				INFOPLIST_FILE = CollectionViewSearchBarAndRefreshControlUITests/Info.plist;
				LD_RUNPATH_SEARCH_PATHS = "$(inherited) @executable_path/Frameworks @loader_path/Frameworks";
				PRODUCT_BUNDLE_IDENTIFIER = com.lezhu.imike.CollectionViewSearchBarAndRefreshControlUITests;
				PRODUCT_NAME = "$(TARGET_NAME)";
				TEST_TARGET_NAME = CollectionViewSearchBarAndRefreshControl;
				USES_XCTRUNNER = YES;
			};
			name = Release;
		};
/* End XCBuildConfiguration section */

/* Begin XCConfigurationList section */
		23344BD81C5F0DBA00724A4C /* Build configuration list for PBXProject "CollectionViewSearchBarAndRefreshControl" */ = {
			isa = XCConfigurationList;
			buildConfigurations = (
				23344C081C5F0DBA00724A4C /* Debug */,
				23344C091C5F0DBA00724A4C /* Release */,
			);
			defaultConfigurationIsVisible = 0;
			defaultConfigurationName = Release;
		};
		23344C0A1C5F0DBA00724A4C /* Build configuration list for PBXNativeTarget "CollectionViewSearchBarAndRefreshControl" */ = {
			isa = XCConfigurationList;
			buildConfigurations = (
				23344C0B1C5F0DBA00724A4C /* Debug */,
				23344C0C1C5F0DBA00724A4C /* Release */,
			);
			defaultConfigurationIsVisible = 0;
			defaultConfigurationName = Release;
		};
		23344C0D1C5F0DBA00724A4C /* Build configuration list for PBXNativeTarget "CollectionViewSearchBarAndRefreshControlTests" */ = {
			isa = XCConfigurationList;
			buildConfigurations = (
				23344C0E1C5F0DBA00724A4C /* Debug */,
				23344C0F1C5F0DBA00724A4C /* Release */,
			);
			defaultConfigurationIsVisible = 0;
			defaultConfigurationName = Release;
		};
		23344C101C5F0DBA00724A4C /* Build configuration list for PBXNativeTarget "CollectionViewSearchBarAndRefreshControlUITests" */ = {
			isa = XCConfigurationList;
			buildConfigurations = (
				23344C111C5F0DBA00724A4C /* Debug */,
				23344C121C5F0DBA00724A4C /* Release */,
			);
			defaultConfigurationIsVisible = 0;
			defaultConfigurationName = Release;
		};
/* End XCConfigurationList section */

/* Begin XCVersionGroup section */
		2319407B1C5F5C2100D3CECA /* Entery.xcdatamodeld */ = {
			isa = XCVersionGroup;
			children = (
				2319407C1C5F5C2100D3CECA /* Entery.xcdatamodel */,
			);
			currentVersion = 2319407C1C5F5C2100D3CECA /* Entery.xcdatamodel */;
			path = Entery.xcdatamodeld;
			sourceTree = "<group>";
			versionGroupType = wrapper.xcdatamodel;
		};
/* End XCVersionGroup section */
	};
	rootObject = 23344BD51C5F0DBA00724A4C /* Project object */;
}
